# This file is automatically @generated by Cargo.
# It is not intended for manual editing.
version = 4

[[package]]
name = "path_ratchet"
version = "0.3.2"
dependencies = [
 "serde_core",
 "serde_test",
]

[[package]]
name = "proc-macro2"
version = "1.0.101"
source = "registry+https://github.com/rust-lang/crates.io-index"
checksum = "89ae43fd86e4158d6db51ad8e2b80f313af9cc74f5c0e03ccb87de09998732de"
dependencies = [
 "unicode-ident",
]

[[package]]
name = "quote"
version = "1.0.41"
source = "registry+https://github.com/rust-lang/crates.io-index"
checksum = "ce25767e7b499d1b604768e7cde645d14cc8584231ea6b295e9c9eb22c02e1d1"
dependencies = [
 "proc-macro2",
]

[[package]]
name = "serde"
version = "1.0.225"
source = "registry+https://github.com/rust-lang/crates.io-index"
checksum = "fd6c24dee235d0da097043389623fb913daddf92c76e9f5a1db88607a0bcbd1d"
dependencies = [
 "serde_core",
]

[[package]]
name = "serde_core"
version = "1.0.225"
source = "registry+https://github.com/rust-lang/crates.io-index"
checksum = "659356f9a0cb1e529b24c01e43ad2bdf520ec4ceaf83047b83ddcc2251f96383"
dependencies = [
 "serde_derive",
]

[[package]]
name = "serde_derive"
version = "1.0.225"
source = "registry+https://github.com/rust-lang/crates.io-index"
checksum = "0ea936adf78b1f766949a4977b91d2f5595825bd6ec079aa9543ad2685fc4516"
dependencies = [
 "proc-macro2",
 "quote",
 "syn",
]

[[package]]
name = "serde_test"
version = "1.0.177"
source = "registry+https://github.com/rust-lang/crates.io-index"
checksum = "7f901ee573cab6b3060453d2d5f0bae4e6d628c23c0a962ff9b5f1d7c8d4f1ed"
dependencies = [
 "serde",
]

[[package]]
name = "syn"
version = "2.0.106"
source = "registry+https://github.com/rust-lang/crates.io-index"
checksum = "ede7c438028d4436d71104916910f5bb611972c5cfd7f89b8300a8186e6fada6"
dependencies = [
 "proc-macro2",
 "quote",
 "unicode-ident",
]

[[package]]
name = "unicode-ident"
version = "1.0.19"
source = "registry+https://github.com/rust-lang/crates.io-index"
checksum = "f63a545481291138910575129486daeaf8ac54aee4387fe7906919f7830c7d9d"
