# This file is automatically @generated by Cargo.
# It is not intended for manual editing.
version = 3

[[package]]
name = "const_format"
version = "0.2.32"
source = "registry+https://github.com/rust-lang/crates.io-index"
checksum = "e3a214c7af3d04997541b18d432afaff4c455e79e2029079647e72fc2bd27673"
dependencies = [
 "const_format_proc_macros",
]

[[package]]
name = "const_format_proc_macros"
version = "0.2.32"
source = "registry+https://github.com/rust-lang/crates.io-index"
checksum = "c7f6ff08fd20f4f299298a28e2dfa8a8ba1036e6cd2460ac1de7b425d76f2500"
dependencies = [
 "proc-macro2",
 "quote",
 "unicode-xid",
]

[[package]]
name = "path-ratchet"
version = "0.1.0"
dependencies = [
 "sanitize-filename-reader-friendly",
]

[[package]]
name = "proc-macro2"
version = "1.0.70"
source = "registry+https://github.com/rust-lang/crates.io-index"
checksum = "39278fbbf5fb4f646ce651690877f89d1c5811a3d4acb27700c1cb3cdb78fd3b"
dependencies = [
 "unicode-ident",
]

[[package]]
name = "quote"
version = "1.0.33"
source = "registry+https://github.com/rust-lang/crates.io-index"
checksum = "5267fca4496028628a95160fc423a33e8b2e6af8a5302579e322e4b520293cae"
dependencies = [
 "proc-macro2",
]

[[package]]
name = "sanitize-filename-reader-friendly"
version = "2.2.1"
source = "registry+https://github.com/rust-lang/crates.io-index"
checksum = "b750e71aac86f4b238844ac9416e7339a8de1225eb1ebe5fba89890f634c46bf"
dependencies = [
 "const_format",
]

[[package]]
name = "unicode-ident"
version = "1.0.12"
source = "registry+https://github.com/rust-lang/crates.io-index"
checksum = "3354b9ac3fae1ff6755cb6db53683adb661634f67557942dea4facebec0fee4b"

[[package]]
name = "unicode-xid"
version = "0.2.4"
source = "registry+https://github.com/rust-lang/crates.io-index"
checksum = "f962df74c8c05a667b5ee8bcf162993134c104e96440b663c8daa176dc772d8c"
